<Solution>
  <Folder Name="/src/">
    <Project Path="../../code/dotnet/Roblox/src/Roblox/Roblox.csproj" />
    <Project Path="../../code/dotnet/Runtime/src/RML.Core/RML.Core.csproj" />
    <Project Path="../../code/dotnet/Runtime/src/RML.Interop/RML.Interop.csproj" />
    <Project Path="src/GuiPixelNudge/GuiPixelNudge.csproj" />
  </Folder>
</Solution>
